
Microsoft Visual Studio Solution File, Format Version 12.00
# Visual Studio Version 16
VisualStudioVersion = 16.0.31229.75
MinimumVisualStudioVersion = 10.0.40219.1
Project("{9A19103F-16F7-4668-BE54-9A1E7A4F7556}") = "Minesweeper", "Minesweeper\Minesweeper.csproj", "{24B2B9D1-0ECA-43F9-92FE-4B09B6D6AAA1}"
EndProject
Project("{2150E333-8FDC-42A3-9474-1A3956D46DE8}") = "Solution Items", "Solution Items", "{5BE64598-CB29-426E-9B22-5FC3B8A4A54E}"
	ProjectSection(SolutionItems) = preProject
		README.md = README.md
	EndProjectSection
EndProject
Global
	GlobalSection(SolutionConfigurationPlatforms) = preSolution
		Debug|Any CPU = Debug|Any CPU
		Release|Any CPU = Release|Any CPU
	EndGlobalSection
	GlobalSection(ProjectConfigurationPlatforms) = postSolution
		{24B2B9D1-0ECA-43F9-92FE-4B09B6D6AAA1}.Debug|Any CPU.ActiveCfg = Debug|Any CPU
		{24B2B9D1-0ECA-43F9-92FE-4B09B6D6AAA1}.Debug|Any CPU.Build.0 = Debug|Any CPU
		{24B2B9D1-0ECA-43F9-92FE-4B09B6D6AAA1}.Release|Any CPU.ActiveCfg = Release|Any CPU
		{24B2B9D1-0ECA-43F9-92FE-4B09B6D6AAA1}.Release|Any CPU.Build.0 = Release|Any CPU
	EndGlobalSection
	GlobalSection(SolutionProperties) = preSolution
		HideSolutionNode = FALSE
	EndGlobalSection
	GlobalSection(ExtensibilityGlobals) = postSolution
		SolutionGuid = {A93E56E6-AB9A-4C82-9392-6D61AAA83DB6}
	EndGlobalSection
EndGlobal
